
Microsoft Visual Studio Solution File, Format Version 12.00
# Visual Studio 2012
Project("{FAE04EC0-301F-11D3-BF4B-00C04F79EFBC}") = "Comedor.Control", "Comedor.Control\Comedor.Control.csproj", "{A0CC8803-8CC8-4FD3-8E77-C7E901F81B51}"
EndProject
Project("{FAE04EC0-301F-11D3-BF4B-00C04F79EFBC}") = "Comedor.Modelo", "Comedor.Modelo\Comedor.Modelo.csproj", "{E7FF9A46-7004-463C-893E-DA0262E4C625}"
EndProject
Project("{FAE04EC0-301F-11D3-BF4B-00C04F79EFBC}") = "Comedor.Vista", "Comedor.Vista\Comedor.Vista.csproj", "{F0FFCBC1-26A3-4B25-A70D-6FC0BA01EB5D}"
EndProject
Global
	GlobalSection(SolutionConfigurationPlatforms) = preSolution
		Debug|Any CPU = Debug|Any CPU
		Release|Any CPU = Release|Any CPU
	EndGlobalSection
	GlobalSection(ProjectConfigurationPlatforms) = postSolution
		{A0CC8803-8CC8-4FD3-8E77-C7E901F81B51}.Debug|Any CPU.ActiveCfg = Debug|Any CPU
		{A0CC8803-8CC8-4FD3-8E77-C7E901F81B51}.Debug|Any CPU.Build.0 = Debug|Any CPU
		{A0CC8803-8CC8-4FD3-8E77-C7E901F81B51}.Release|Any CPU.ActiveCfg = Release|Any CPU
		{A0CC8803-8CC8-4FD3-8E77-C7E901F81B51}.Release|Any CPU.Build.0 = Release|Any CPU
		{E7FF9A46-7004-463C-893E-DA0262E4C625}.Debug|Any CPU.ActiveCfg = Debug|Any CPU
		{E7FF9A46-7004-463C-893E-DA0262E4C625}.Debug|Any CPU.Build.0 = Debug|Any CPU
		{E7FF9A46-7004-463C-893E-DA0262E4C625}.Release|Any CPU.ActiveCfg = Release|Any CPU
		{E7FF9A46-7004-463C-893E-DA0262E4C625}.Release|Any CPU.Build.0 = Release|Any CPU
		{F0FFCBC1-26A3-4B25-A70D-6FC0BA01EB5D}.Debug|Any CPU.ActiveCfg = Debug|Any CPU
		{F0FFCBC1-26A3-4B25-A70D-6FC0BA01EB5D}.Debug|Any CPU.Build.0 = Debug|Any CPU
		{F0FFCBC1-26A3-4B25-A70D-6FC0BA01EB5D}.Release|Any CPU.ActiveCfg = Release|Any CPU
		{F0FFCBC1-26A3-4B25-A70D-6FC0BA01EB5D}.Release|Any CPU.Build.0 = Release|Any CPU
	EndGlobalSection
	GlobalSection(SolutionProperties) = preSolution
		HideSolutionNode = FALSE
	EndGlobalSection
EndGlobal
